
Microsoft Visual Studio Solution File, Format Version 12.00
# Visual Studio Version 16
VisualStudioVersion = 16.0.30114.105
MinimumVisualStudioVersion = 10.0.40219.1
Project("{9A19103F-16F7-4668-BE54-9A1E7A4F7556}") = "Models", "Models\Models.csproj", "{C2E27C12-C93B-4828-A189-5428BB509A52}"
EndProject
Project("{9A19103F-16F7-4668-BE54-9A1E7A4F7556}") = "DL", "DL\DL.csproj", "{C5D79F4A-D4FA-49D0-88DB-DF338A32A6CD}"
EndProject
Project("{9A19103F-16F7-4668-BE54-9A1E7A4F7556}") = "BL", "BL\BL.csproj", "{0A755328-8984-4AE3-A889-2C1589B99F09}"
EndProject
Project("{9A19103F-16F7-4668-BE54-9A1E7A4F7556}") = "WebAPI", "WebAPI\WebAPI.csproj", "{3E8781D9-D492-4078-9862-D08A6699F749}"
EndProject
Global
	GlobalSection(SolutionConfigurationPlatforms) = preSolution
		Debug|Any CPU = Debug|Any CPU
		Debug|x64 = Debug|x64
		Debug|x86 = Debug|x86
		Release|Any CPU = Release|Any CPU
		Release|x64 = Release|x64
		Release|x86 = Release|x86
	EndGlobalSection
	GlobalSection(ProjectConfigurationPlatforms) = postSolution
		{C2E27C12-C93B-4828-A189-5428BB509A52}.Debug|Any CPU.ActiveCfg = Debug|Any CPU
		{C2E27C12-C93B-4828-A189-5428BB509A52}.Debug|Any CPU.Build.0 = Debug|Any CPU
		{C2E27C12-C93B-4828-A189-5428BB509A52}.Debug|x64.ActiveCfg = Debug|Any CPU
		{C2E27C12-C93B-4828-A189-5428BB509A52}.Debug|x64.Build.0 = Debug|Any CPU
		{C2E27C12-C93B-4828-A189-5428BB509A52}.Debug|x86.ActiveCfg = Debug|Any CPU
		{C2E27C12-C93B-4828-A189-5428BB509A52}.Debug|x86.Build.0 = Debug|Any CPU
		{C2E27C12-C93B-4828-A189-5428BB509A52}.Release|Any CPU.ActiveCfg = Release|Any CPU
		{C2E27C12-C93B-4828-A189-5428BB509A52}.Release|Any CPU.Build.0 = Release|Any CPU
		{C2E27C12-C93B-4828-A189-5428BB509A52}.Release|x64.ActiveCfg = Release|Any CPU
		{C2E27C12-C93B-4828-A189-5428BB509A52}.Release|x64.Build.0 = Release|Any CPU
		{C2E27C12-C93B-4828-A189-5428BB509A52}.Release|x86.ActiveCfg = Release|Any CPU
		{C2E27C12-C93B-4828-A189-5428BB509A52}.Release|x86.Build.0 = Release|Any CPU
		{C5D79F4A-D4FA-49D0-88DB-DF338A32A6CD}.Debug|Any CPU.ActiveCfg = Debug|Any CPU
		{C5D79F4A-D4FA-49D0-88DB-DF338A32A6CD}.Debug|Any CPU.Build.0 = Debug|Any CPU
		{C5D79F4A-D4FA-49D0-88DB-DF338A32A6CD}.Debug|x64.ActiveCfg = Debug|Any CPU
		{C5D79F4A-D4FA-49D0-88DB-DF338A32A6CD}.Debug|x64.Build.0 = Debug|Any CPU
		{C5D79F4A-D4FA-49D0-88DB-DF338A32A6CD}.Debug|x86.ActiveCfg = Debug|Any CPU
		{C5D79F4A-D4FA-49D0-88DB-DF338A32A6CD}.Debug|x86.Build.0 = Debug|Any CPU
		{C5D79F4A-D4FA-49D0-88DB-DF338A32A6CD}.Release|Any CPU.ActiveCfg = Release|Any CPU
		{C5D79F4A-D4FA-49D0-88DB-DF338A32A6CD}.Release|Any CPU.Build.0 = Release|Any CPU
		{C5D79F4A-D4FA-49D0-88DB-DF338A32A6CD}.Release|x64.ActiveCfg = Release|Any CPU
		{C5D79F4A-D4FA-49D0-88DB-DF338A32A6CD}.Release|x64.Build.0 = Release|Any CPU
		{C5D79F4A-D4FA-49D0-88DB-DF338A32A6CD}.Release|x86.ActiveCfg = Release|Any CPU
		{C5D79F4A-D4FA-49D0-88DB-DF338A32A6CD}.Release|x86.Build.0 = Release|Any CPU
		{0A755328-8984-4AE3-A889-2C1589B99F09}.Debug|Any CPU.ActiveCfg = Debug|Any CPU
		{0A755328-8984-4AE3-A889-2C1589B99F09}.Debug|Any CPU.Build.0 = Debug|Any CPU
		{0A755328-8984-4AE3-A889-2C1589B99F09}.Debug|x64.ActiveCfg = Debug|Any CPU
		{0A755328-8984-4AE3-A889-2C1589B99F09}.Debug|x64.Build.0 = Debug|Any CPU
		{0A755328-8984-4AE3-A889-2C1589B99F09}.Debug|x86.ActiveCfg = Debug|Any CPU
		{0A755328-8984-4AE3-A889-2C1589B99F09}.Debug|x86.Build.0 = Debug|Any CPU
		{0A755328-8984-4AE3-A889-2C1589B99F09}.Release|Any CPU.ActiveCfg = Release|Any CPU
		{0A755328-8984-4AE3-A889-2C1589B99F09}.Release|Any CPU.Build.0 = Release|Any CPU
		{0A755328-8984-4AE3-A889-2C1589B99F09}.Release|x64.ActiveCfg = Release|Any CPU
		{0A755328-8984-4AE3-A889-2C1589B99F09}.Release|x64.Build.0 = Release|Any CPU
		{0A755328-8984-4AE3-A889-2C1589B99F09}.Release|x86.ActiveCfg = Release|Any CPU
		{0A755328-8984-4AE3-A889-2C1589B99F09}.Release|x86.Build.0 = Release|Any CPU
		{3E8781D9-D492-4078-9862-D08A6699F749}.Debug|Any CPU.ActiveCfg = Debug|Any CPU
		{3E8781D9-D492-4078-9862-D08A6699F749}.Debug|Any CPU.Build.0 = Debug|Any CPU
		{3E8781D9-D492-4078-9862-D08A6699F749}.Debug|x64.ActiveCfg = Debug|Any CPU
		{3E8781D9-D492-4078-9862-D08A6699F749}.Debug|x64.Build.0 = Debug|Any CPU
		{3E8781D9-D492-4078-9862-D08A6699F749}.Debug|x86.ActiveCfg = Debug|Any CPU
		{3E8781D9-D492-4078-9862-D08A6699F749}.Debug|x86.Build.0 = Debug|Any CPU
		{3E8781D9-D492-4078-9862-D08A6699F749}.Release|Any CPU.ActiveCfg = Release|Any CPU
		{3E8781D9-D492-4078-9862-D08A6699F749}.Release|Any CPU.Build.0 = Release|Any CPU
		{3E8781D9-D492-4078-9862-D08A6699F749}.Release|x64.ActiveCfg = Release|Any CPU
		{3E8781D9-D492-4078-9862-D08A6699F749}.Release|x64.Build.0 = Release|Any CPU
		{3E8781D9-D492-4078-9862-D08A6699F749}.Release|x86.ActiveCfg = Release|Any CPU
		{3E8781D9-D492-4078-9862-D08A6699F749}.Release|x86.Build.0 = Release|Any CPU
	EndGlobalSection
	GlobalSection(SolutionProperties) = preSolution
		HideSolutionNode = FALSE
	EndGlobalSection
	GlobalSection(ExtensibilityGlobals) = postSolution
		SolutionGuid = {30F1362A-42A7-4DAE-8B2A-7A59B7D6925B}
	EndGlobalSection
EndGlobal
